
Microsoft Visual Studio Solution File, Format Version 12.00
# Visual Studio Version 16
VisualStudioVersion = 16.0.30717.126
MinimumVisualStudioVersion = 10.0.40219.1
Project("{FAE04EC0-301F-11D3-BF4B-00C04F79EFBC}") = "jagged_arr", "jagged_arr.csproj", "{2A98BCCF-6343-462A-AFFC-2F596C42D32E}"
EndProject
Project("{FAE04EC0-301F-11D3-BF4B-00C04F79EFBC}") = "SignledimArry", "SignledimArry\SignledimArry.csproj", "{14B407AC-4296-4A56-904C-752A6B4FFC60}"
EndProject
Project("{FAE04EC0-301F-11D3-BF4B-00C04F79EFBC}") = "Multidimenarry", "Multidimenarry\Multidimenarry.csproj", "{7D490440-104A-4B7E-82A2-E8F8B9F4C77D}"
EndProject
Project("{FAE04EC0-301F-11D3-BF4B-00C04F79EFBC}") = "IfElse", "IfElse\IfElse.csproj", "{B23DF004-8AA2-4B97-BD95-FA740341546B}"
EndProject
Project("{FAE04EC0-301F-11D3-BF4B-00C04F79EFBC}") = "SwitchCase", "SwitchCase\SwitchCase.csproj", "{169B005C-FBB4-4A5D-B8DA-1E021901AD5B}"
EndProject
Project("{FAE04EC0-301F-11D3-BF4B-00C04F79EFBC}") = "While Loop", "While Loop\While Loop.csproj", "{7D15A97D-4F5C-4882-9E6A-A4EF54A7F004}"
EndProject
Project("{FAE04EC0-301F-11D3-BF4B-00C04F79EFBC}") = "Forloop", "Forloop\Forloop.csproj", "{6702C95D-C377-40CB-A529-35ADA54A0998}"
EndProject
Project("{FAE04EC0-301F-11D3-BF4B-00C04F79EFBC}") = "BreakContinue", "BreakContinue\BreakContinue.csproj", "{0C3343B5-1EA2-4104-9649-F8961331AE5A}"
EndProject
Project("{FAE04EC0-301F-11D3-BF4B-00C04F79EFBC}") = "Classdemo", "classdemo\Classdemo.csproj", "{723D59D6-38DD-4215-9B74-8568739AA5B7}"
EndProject
Project("{FAE04EC0-301F-11D3-BF4B-00C04F79EFBC}") = "ClassObject", "ClassObject\ClassObject.csproj", "{B94477E5-1B44-4043-A42E-F3D14AD9622E}"
EndProject
Project("{FAE04EC0-301F-11D3-BF4B-00C04F79EFBC}") = "SRP", "SOLID\SRP.csproj", "{BB0373EA-2412-4800-88DC-5C5B7F130367}"
EndProject
Project("{FAE04EC0-301F-11D3-BF4B-00C04F79EFBC}") = "Liskow-lsp", "Liskow-lsp\Liskow-lsp.csproj", "{21A2E42B-7FA4-4A6D-90F0-3CD69202F142}"
EndProject
Project("{FAE04EC0-301F-11D3-BF4B-00C04F79EFBC}") = "Liskow-lsp-solve", "Liskow-lsp-solve\Liskow-lsp-solve.csproj", "{149E2960-4D88-4657-81BF-6E286E5F5472}"
EndProject
Project("{FAE04EC0-301F-11D3-BF4B-00C04F79EFBC}") = "LSP", "LSP\LSP.csproj", "{604C58FB-7A75-4B6B-B5C8-A0EA3A31E9DF}"
EndProject
Project("{FAE04EC0-301F-11D3-BF4B-00C04F79EFBC}") = "OCP_prob", "OCP\OCP_prob.csproj", "{687DB8C0-F154-4F66-A883-2AF33850F546}"
EndProject
Project("{FAE04EC0-301F-11D3-BF4B-00C04F79EFBC}") = "OCP_solve", "OCP_solve\OCP_solve.csproj", "{C0E69F24-7116-4773-9FB5-65AFF36C382C}"
EndProject
Project("{FAE04EC0-301F-11D3-BF4B-00C04F79EFBC}") = "OCPintro", "OCPintro\OCPintro.csproj", "{BF96D8FB-06A6-411F-BC1C-899538B55739}"
EndProject
Project("{FAE04EC0-301F-11D3-BF4B-00C04F79EFBC}") = "EmployeeProject", "EmployeeProject\EmployeeProject.csproj", "{B5FFF7E0-7E80-4E3F-88E8-33B00B0CA34A}"
EndProject
Project("{FAE04EC0-301F-11D3-BF4B-00C04F79EFBC}") = "Inheitence", "inheitence\Inheitence.csproj", "{5AFD447E-9AFF-420D-824A-B17AD935E139}"
EndProject
Project("{FAE04EC0-301F-11D3-BF4B-00C04F79EFBC}") = "Polymorphism", "Polymorphism\Polymorphism.csproj", "{B887E61C-476D-40C3-9A0C-9C5CFAE86258}"
EndProject
Project("{FAE04EC0-301F-11D3-BF4B-00C04F79EFBC}") = "Inheritance1", "inheritance1\Inheritance1.csproj", "{36198861-83BF-4E37-B1D9-CAF9372BA39F}"
EndProject
Project("{FAE04EC0-301F-11D3-BF4B-00C04F79EFBC}") = "Abstractclass", "Abstractclass\Abstractclass.csproj", "{BE3A537F-0FDF-47CD-AFE0-67C8D8EB8F3C}"
EndProject
Project("{FAE04EC0-301F-11D3-BF4B-00C04F79EFBC}") = "Constructor", "constructor\Constructor.csproj", "{0A110516-B89D-47D0-87B8-6666DF4CDF14}"
EndProject
Project("{FAE04EC0-301F-11D3-BF4B-00C04F79EFBC}") = "AccessModifiers", "AccessModifiers\AccessModifiers.csproj", "{01D72919-8FA2-41AA-AFCB-28491E24EC0F}"
EndProject
Project("{FAE04EC0-301F-11D3-BF4B-00C04F79EFBC}") = "Protected", "Protected\Protected.csproj", "{A5BC1F87-8C75-4867-83B5-7BA6B3F257D2}"
EndProject
Project("{FAE04EC0-301F-11D3-BF4B-00C04F79EFBC}") = "Demointernal", "internal\Demointernal.csproj", "{479E5F6F-D4C4-43DD-99F2-428801B54B54}"
EndProject
Project("{FAE04EC0-301F-11D3-BF4B-00C04F79EFBC}") = "internalUse", "internalUse\internalUse.csproj", "{BFB9C06D-C2E2-4F98-92C6-180CADBE2CB4}"
EndProject
Project("{FAE04EC0-301F-11D3-BF4B-00C04F79EFBC}") = "Enum", "enum\Enum.csproj", "{23248E06-DD66-4570-8A8F-BCE416FC8D7F}"
EndProject
Project("{FAE04EC0-301F-11D3-BF4B-00C04F79EFBC}") = "FilesSample", "FilesSample\FilesSample.csproj", "{B282ADEE-5567-4F02-A4A3-14D39D59DB7D}"
EndProject
Project("{FAE04EC0-301F-11D3-BF4B-00C04F79EFBC}") = "ReplaceFile", "ReplaceFile\ReplaceFile.csproj", "{C5F6B036-5F52-4DD5-8B51-8327921A2532}"
EndProject
Project("{FAE04EC0-301F-11D3-BF4B-00C04F79EFBC}") = "FileAccess", "FileAccess\FileAccess.csproj", "{C40F6BA5-FF7F-4F30-A7E0-E04F585C1E79}"
EndProject
Project("{E24C65DC-7377-472B-9ABA-BC803B73C61A}") = "azureonlinexpert", "..\azureonlinexpert\", "{0023E4EE-904D-4101-8E4F-E712EFCF4D68}"
	ProjectSection(WebsiteProperties) = preProject
		TargetFrameworkMoniker = ".NETFramework,Version%3Dv4.7.2"
		Debug.AspNetCompiler.VirtualPath = "/localhost_54311"
		Debug.AspNetCompiler.PhysicalPath = "..\azureonlinexpert\"
		Debug.AspNetCompiler.TargetPath = "PrecompiledWeb\localhost_54311\"
		Debug.AspNetCompiler.Updateable = "true"
		Debug.AspNetCompiler.ForceOverwrite = "true"
		Debug.AspNetCompiler.FixedNames = "false"
		Debug.AspNetCompiler.Debug = "True"
		Release.AspNetCompiler.VirtualPath = "/localhost_54311"
		Release.AspNetCompiler.PhysicalPath = "..\azureonlinexpert\"
		Release.AspNetCompiler.TargetPath = "PrecompiledWeb\localhost_54311\"
		Release.AspNetCompiler.Updateable = "true"
		Release.AspNetCompiler.ForceOverwrite = "true"
		Release.AspNetCompiler.FixedNames = "false"
		Release.AspNetCompiler.Debug = "False"
		VWDPort = "54311"
		SlnRelativePath = "..\azureonlinexpert\"
		DefaultWebSiteLanguage = "Visual C#"
	EndProjectSection
EndProject
Project("{E24C65DC-7377-472B-9ABA-BC803B73C61A}") = "Exceptionsample", "..\Exceptionsample\", "{C62D3C79-2F17-42B4-BA07-52156E6FEBB2}"
	ProjectSection(WebsiteProperties) = preProject
		TargetFrameworkMoniker = ".NETFramework,Version%3Dv4.7.2"
		Debug.AspNetCompiler.VirtualPath = "/localhost_63149"
		Debug.AspNetCompiler.PhysicalPath = "..\Exceptionsample\"
		Debug.AspNetCompiler.TargetPath = "PrecompiledWeb\localhost_63149\"
		Debug.AspNetCompiler.Updateable = "true"
		Debug.AspNetCompiler.ForceOverwrite = "true"
		Debug.AspNetCompiler.FixedNames = "false"
		Debug.AspNetCompiler.Debug = "True"
		Release.AspNetCompiler.VirtualPath = "/localhost_63149"
		Release.AspNetCompiler.PhysicalPath = "..\Exceptionsample\"
		Release.AspNetCompiler.TargetPath = "PrecompiledWeb\localhost_63149\"
		Release.AspNetCompiler.Updateable = "true"
		Release.AspNetCompiler.ForceOverwrite = "true"
		Release.AspNetCompiler.FixedNames = "false"
		Release.AspNetCompiler.Debug = "False"
		VWDPort = "63149"
		SlnRelativePath = "..\Exceptionsample\"
		DefaultWebSiteLanguage = "Visual C#"
	EndProjectSection
EndProject
Project("{FAE04EC0-301F-11D3-BF4B-00C04F79EFBC}") = "Exceptionsample1", "..\Exceptionsample1\Exceptionsample1.csproj", "{2BA83AEB-2227-485D-AE93-BF5D4EFA083F}"
EndProject
Project("{FAE04EC0-301F-11D3-BF4B-00C04F79EFBC}") = "AttributeExample1", "..\AttributeExample1\AttributeExample1.csproj", "{5FB81347-B3CE-418D-94B8-52511C4F7B9B}"
EndProject
Project("{FAE04EC0-301F-11D3-BF4B-00C04F79EFBC}") = "AttributeExample2", "..\AttributeExample2\AttributeExample2.csproj", "{92CA5E2C-282F-47EC-A506-3911B848BAE2}"
EndProject
Project("{FAE04EC0-301F-11D3-BF4B-00C04F79EFBC}") = "AttributeExample3", "..\AttributeExample3\AttributeExample3.csproj", "{033AEBF0-A196-456E-8E05-CE5A8221888B}"
EndProject
Project("{FAE04EC0-301F-11D3-BF4B-00C04F79EFBC}") = "AttributeAccess4", "..\AttributeAccess4\AttributeAccess4.csproj", "{01B2EFBE-9F90-4F2F-90AD-CDEDEAC6BDB7}"
EndProject
Project("{FAE04EC0-301F-11D3-BF4B-00C04F79EFBC}") = "SRP_Solve", "..\SRP_Splve\SRP_Solve.csproj", "{F150A68E-0979-4F54-B84C-3CCD9BF622C0}"
EndProject
Project("{FAE04EC0-301F-11D3-BF4B-00C04F79EFBC}") = "SRP_SOLVEok", "..\SRP_SOLVEok\SRP_SOLVEok.csproj", "{6AB056E3-F3D6-41ED-8F31-238617A4290D}"
EndProject
Global
	GlobalSection(SolutionConfigurationPlatforms) = preSolution
		Debug|Any CPU = Debug|Any CPU
		Release|Any CPU = Release|Any CPU
	EndGlobalSection
	GlobalSection(ProjectConfigurationPlatforms) = postSolution
		{2A98BCCF-6343-462A-AFFC-2F596C42D32E}.Debug|Any CPU.ActiveCfg = Debug|Any CPU
		{2A98BCCF-6343-462A-AFFC-2F596C42D32E}.Debug|Any CPU.Build.0 = Debug|Any CPU
		{2A98BCCF-6343-462A-AFFC-2F596C42D32E}.Release|Any CPU.ActiveCfg = Release|Any CPU
		{2A98BCCF-6343-462A-AFFC-2F596C42D32E}.Release|Any CPU.Build.0 = Release|Any CPU
		{14B407AC-4296-4A56-904C-752A6B4FFC60}.Debug|Any CPU.ActiveCfg = Debug|Any CPU
		{14B407AC-4296-4A56-904C-752A6B4FFC60}.Debug|Any CPU.Build.0 = Debug|Any CPU
		{14B407AC-4296-4A56-904C-752A6B4FFC60}.Release|Any CPU.ActiveCfg = Release|Any CPU
		{14B407AC-4296-4A56-904C-752A6B4FFC60}.Release|Any CPU.Build.0 = Release|Any CPU
		{7D490440-104A-4B7E-82A2-E8F8B9F4C77D}.Debug|Any CPU.ActiveCfg = Debug|Any CPU
		{7D490440-104A-4B7E-82A2-E8F8B9F4C77D}.Debug|Any CPU.Build.0 = Debug|Any CPU
		{7D490440-104A-4B7E-82A2-E8F8B9F4C77D}.Release|Any CPU.ActiveCfg = Release|Any CPU
		{7D490440-104A-4B7E-82A2-E8F8B9F4C77D}.Release|Any CPU.Build.0 = Release|Any CPU
		{B23DF004-8AA2-4B97-BD95-FA740341546B}.Debug|Any CPU.ActiveCfg = Debug|Any CPU
		{B23DF004-8AA2-4B97-BD95-FA740341546B}.Debug|Any CPU.Build.0 = Debug|Any CPU
		{B23DF004-8AA2-4B97-BD95-FA740341546B}.Release|Any CPU.ActiveCfg = Release|Any CPU
		{B23DF004-8AA2-4B97-BD95-FA740341546B}.Release|Any CPU.Build.0 = Release|Any CPU
		{169B005C-FBB4-4A5D-B8DA-1E021901AD5B}.Debug|Any CPU.ActiveCfg = Debug|Any CPU
		{169B005C-FBB4-4A5D-B8DA-1E021901AD5B}.Debug|Any CPU.Build.0 = Debug|Any CPU
		{169B005C-FBB4-4A5D-B8DA-1E021901AD5B}.Release|Any CPU.ActiveCfg = Release|Any CPU
		{169B005C-FBB4-4A5D-B8DA-1E021901AD5B}.Release|Any CPU.Build.0 = Release|Any CPU
		{7D15A97D-4F5C-4882-9E6A-A4EF54A7F004}.Debug|Any CPU.ActiveCfg = Debug|Any CPU
		{7D15A97D-4F5C-4882-9E6A-A4EF54A7F004}.Debug|Any CPU.Build.0 = Debug|Any CPU
		{7D15A97D-4F5C-4882-9E6A-A4EF54A7F004}.Release|Any CPU.ActiveCfg = Release|Any CPU
		{7D15A97D-4F5C-4882-9E6A-A4EF54A7F004}.Release|Any CPU.Build.0 = Release|Any CPU
		{6702C95D-C377-40CB-A529-35ADA54A0998}.Debug|Any CPU.ActiveCfg = Debug|Any CPU
		{6702C95D-C377-40CB-A529-35ADA54A0998}.Debug|Any CPU.Build.0 = Debug|Any CPU
		{6702C95D-C377-40CB-A529-35ADA54A0998}.Release|Any CPU.ActiveCfg = Release|Any CPU
		{6702C95D-C377-40CB-A529-35ADA54A0998}.Release|Any CPU.Build.0 = Release|Any CPU
		{0C3343B5-1EA2-4104-9649-F8961331AE5A}.Debug|Any CPU.ActiveCfg = Debug|Any CPU
		{0C3343B5-1EA2-4104-9649-F8961331AE5A}.Debug|Any CPU.Build.0 = Debug|Any CPU
		{0C3343B5-1EA2-4104-9649-F8961331AE5A}.Release|Any CPU.ActiveCfg = Release|Any CPU
		{0C3343B5-1EA2-4104-9649-F8961331AE5A}.Release|Any CPU.Build.0 = Release|Any CPU
		{723D59D6-38DD-4215-9B74-8568739AA5B7}.Debug|Any CPU.ActiveCfg = Debug|Any CPU
		{723D59D6-38DD-4215-9B74-8568739AA5B7}.Debug|Any CPU.Build.0 = Debug|Any CPU
		{723D59D6-38DD-4215-9B74-8568739AA5B7}.Release|Any CPU.ActiveCfg = Release|Any CPU
		{723D59D6-38DD-4215-9B74-8568739AA5B7}.Release|Any CPU.Build.0 = Release|Any CPU
		{B94477E5-1B44-4043-A42E-F3D14AD9622E}.Debug|Any CPU.ActiveCfg = Debug|Any CPU
		{B94477E5-1B44-4043-A42E-F3D14AD9622E}.Debug|Any CPU.Build.0 = Debug|Any CPU
		{B94477E5-1B44-4043-A42E-F3D14AD9622E}.Release|Any CPU.ActiveCfg = Release|Any CPU
		{B94477E5-1B44-4043-A42E-F3D14AD9622E}.Release|Any CPU.Build.0 = Release|Any CPU
		{BB0373EA-2412-4800-88DC-5C5B7F130367}.Debug|Any CPU.ActiveCfg = Debug|Any CPU
		{BB0373EA-2412-4800-88DC-5C5B7F130367}.Debug|Any CPU.Build.0 = Debug|Any CPU
		{BB0373EA-2412-4800-88DC-5C5B7F130367}.Release|Any CPU.ActiveCfg = Release|Any CPU
		{BB0373EA-2412-4800-88DC-5C5B7F130367}.Release|Any CPU.Build.0 = Release|Any CPU
		{21A2E42B-7FA4-4A6D-90F0-3CD69202F142}.Debug|Any CPU.ActiveCfg = Debug|Any CPU
		{21A2E42B-7FA4-4A6D-90F0-3CD69202F142}.Debug|Any CPU.Build.0 = Debug|Any CPU
		{21A2E42B-7FA4-4A6D-90F0-3CD69202F142}.Release|Any CPU.ActiveCfg = Release|Any CPU
		{21A2E42B-7FA4-4A6D-90F0-3CD69202F142}.Release|Any CPU.Build.0 = Release|Any CPU
		{149E2960-4D88-4657-81BF-6E286E5F5472}.Debug|Any CPU.ActiveCfg = Debug|Any CPU
		{149E2960-4D88-4657-81BF-6E286E5F5472}.Debug|Any CPU.Build.0 = Debug|Any CPU
		{149E2960-4D88-4657-81BF-6E286E5F5472}.Release|Any CPU.ActiveCfg = Release|Any CPU
		{149E2960-4D88-4657-81BF-6E286E5F5472}.Release|Any CPU.Build.0 = Release|Any CPU
		{604C58FB-7A75-4B6B-B5C8-A0EA3A31E9DF}.Debug|Any CPU.ActiveCfg = Debug|Any CPU
		{604C58FB-7A75-4B6B-B5C8-A0EA3A31E9DF}.Debug|Any CPU.Build.0 = Debug|Any CPU
		{604C58FB-7A75-4B6B-B5C8-A0EA3A31E9DF}.Release|Any CPU.ActiveCfg = Release|Any CPU
		{604C58FB-7A75-4B6B-B5C8-A0EA3A31E9DF}.Release|Any CPU.Build.0 = Release|Any CPU
		{687DB8C0-F154-4F66-A883-2AF33850F546}.Debug|Any CPU.ActiveCfg = Debug|Any CPU
		{687DB8C0-F154-4F66-A883-2AF33850F546}.Debug|Any CPU.Build.0 = Debug|Any CPU
		{687DB8C0-F154-4F66-A883-2AF33850F546}.Release|Any CPU.ActiveCfg = Release|Any CPU
		{687DB8C0-F154-4F66-A883-2AF33850F546}.Release|Any CPU.Build.0 = Release|Any CPU
		{C0E69F24-7116-4773-9FB5-65AFF36C382C}.Debug|Any CPU.ActiveCfg = Debug|Any CPU
		{C0E69F24-7116-4773-9FB5-65AFF36C382C}.Debug|Any CPU.Build.0 = Debug|Any CPU
		{C0E69F24-7116-4773-9FB5-65AFF36C382C}.Release|Any CPU.ActiveCfg = Release|Any CPU
		{C0E69F24-7116-4773-9FB5-65AFF36C382C}.Release|Any CPU.Build.0 = Release|Any CPU
		{BF96D8FB-06A6-411F-BC1C-899538B55739}.Debug|Any CPU.ActiveCfg = Debug|Any CPU
		{BF96D8FB-06A6-411F-BC1C-899538B55739}.Debug|Any CPU.Build.0 = Debug|Any CPU
		{BF96D8FB-06A6-411F-BC1C-899538B55739}.Release|Any CPU.ActiveCfg = Release|Any CPU
		{BF96D8FB-06A6-411F-BC1C-899538B55739}.Release|Any CPU.Build.0 = Release|Any CPU
		{B5FFF7E0-7E80-4E3F-88E8-33B00B0CA34A}.Debug|Any CPU.ActiveCfg = Debug|Any CPU
		{B5FFF7E0-7E80-4E3F-88E8-33B00B0CA34A}.Debug|Any CPU.Build.0 = Debug|Any CPU
		{B5FFF7E0-7E80-4E3F-88E8-33B00B0CA34A}.Release|Any CPU.ActiveCfg = Release|Any CPU
		{B5FFF7E0-7E80-4E3F-88E8-33B00B0CA34A}.Release|Any CPU.Build.0 = Release|Any CPU
		{5AFD447E-9AFF-420D-824A-B17AD935E139}.Debug|Any CPU.ActiveCfg = Debug|Any CPU
		{5AFD447E-9AFF-420D-824A-B17AD935E139}.Debug|Any CPU.Build.0 = Debug|Any CPU
		{5AFD447E-9AFF-420D-824A-B17AD935E139}.Release|Any CPU.ActiveCfg = Release|Any CPU
		{5AFD447E-9AFF-420D-824A-B17AD935E139}.Release|Any CPU.Build.0 = Release|Any CPU
		{B887E61C-476D-40C3-9A0C-9C5CFAE86258}.Debug|Any CPU.ActiveCfg = Debug|Any CPU
		{B887E61C-476D-40C3-9A0C-9C5CFAE86258}.Debug|Any CPU.Build.0 = Debug|Any CPU
		{B887E61C-476D-40C3-9A0C-9C5CFAE86258}.Release|Any CPU.ActiveCfg = Release|Any CPU
		{B887E61C-476D-40C3-9A0C-9C5CFAE86258}.Release|Any CPU.Build.0 = Release|Any CPU
		{36198861-83BF-4E37-B1D9-CAF9372BA39F}.Debug|Any CPU.ActiveCfg = Debug|Any CPU
		{36198861-83BF-4E37-B1D9-CAF9372BA39F}.Debug|Any CPU.Build.0 = Debug|Any CPU
		{36198861-83BF-4E37-B1D9-CAF9372BA39F}.Release|Any CPU.ActiveCfg = Release|Any CPU
		{36198861-83BF-4E37-B1D9-CAF9372BA39F}.Release|Any CPU.Build.0 = Release|Any CPU
		{BE3A537F-0FDF-47CD-AFE0-67C8D8EB8F3C}.Debug|Any CPU.ActiveCfg = Debug|Any CPU
		{BE3A537F-0FDF-47CD-AFE0-67C8D8EB8F3C}.Debug|Any CPU.Build.0 = Debug|Any CPU
		{BE3A537F-0FDF-47CD-AFE0-67C8D8EB8F3C}.Release|Any CPU.ActiveCfg = Release|Any CPU
		{BE3A537F-0FDF-47CD-AFE0-67C8D8EB8F3C}.Release|Any CPU.Build.0 = Release|Any CPU
		{0A110516-B89D-47D0-87B8-6666DF4CDF14}.Debug|Any CPU.ActiveCfg = Debug|Any CPU
		{0A110516-B89D-47D0-87B8-6666DF4CDF14}.Debug|Any CPU.Build.0 = Debug|Any CPU
		{0A110516-B89D-47D0-87B8-6666DF4CDF14}.Release|Any CPU.ActiveCfg = Release|Any CPU
		{0A110516-B89D-47D0-87B8-6666DF4CDF14}.Release|Any CPU.Build.0 = Release|Any CPU
		{01D72919-8FA2-41AA-AFCB-28491E24EC0F}.Debug|Any CPU.ActiveCfg = Debug|Any CPU
		{01D72919-8FA2-41AA-AFCB-28491E24EC0F}.Debug|Any CPU.Build.0 = Debug|Any CPU
		{01D72919-8FA2-41AA-AFCB-28491E24EC0F}.Release|Any CPU.ActiveCfg = Release|Any CPU
		{01D72919-8FA2-41AA-AFCB-28491E24EC0F}.Release|Any CPU.Build.0 = Release|Any CPU
		{A5BC1F87-8C75-4867-83B5-7BA6B3F257D2}.Debug|Any CPU.ActiveCfg = Debug|Any CPU
		{A5BC1F87-8C75-4867-83B5-7BA6B3F257D2}.Debug|Any CPU.Build.0 = Debug|Any CPU
		{A5BC1F87-8C75-4867-83B5-7BA6B3F257D2}.Release|Any CPU.ActiveCfg = Release|Any CPU
		{A5BC1F87-8C75-4867-83B5-7BA6B3F257D2}.Release|Any CPU.Build.0 = Release|Any CPU
		{479E5F6F-D4C4-43DD-99F2-428801B54B54}.Debug|Any CPU.ActiveCfg = Debug|Any CPU
		{479E5F6F-D4C4-43DD-99F2-428801B54B54}.Debug|Any CPU.Build.0 = Debug|Any CPU
		{479E5F6F-D4C4-43DD-99F2-428801B54B54}.Release|Any CPU.ActiveCfg = Release|Any CPU
		{479E5F6F-D4C4-43DD-99F2-428801B54B54}.Release|Any CPU.Build.0 = Release|Any CPU
		{BFB9C06D-C2E2-4F98-92C6-180CADBE2CB4}.Debug|Any CPU.ActiveCfg = Debug|Any CPU
		{BFB9C06D-C2E2-4F98-92C6-180CADBE2CB4}.Debug|Any CPU.Build.0 = Debug|Any CPU
		{BFB9C06D-C2E2-4F98-92C6-180CADBE2CB4}.Release|Any CPU.ActiveCfg = Release|Any CPU
		{BFB9C06D-C2E2-4F98-92C6-180CADBE2CB4}.Release|Any CPU.Build.0 = Release|Any CPU
		{23248E06-DD66-4570-8A8F-BCE416FC8D7F}.Debug|Any CPU.ActiveCfg = Debug|Any CPU
		{23248E06-DD66-4570-8A8F-BCE416FC8D7F}.Debug|Any CPU.Build.0 = Debug|Any CPU
		{23248E06-DD66-4570-8A8F-BCE416FC8D7F}.Release|Any CPU.ActiveCfg = Release|Any CPU
		{23248E06-DD66-4570-8A8F-BCE416FC8D7F}.Release|Any CPU.Build.0 = Release|Any CPU
		{B282ADEE-5567-4F02-A4A3-14D39D59DB7D}.Debug|Any CPU.ActiveCfg = Debug|Any CPU
		{B282ADEE-5567-4F02-A4A3-14D39D59DB7D}.Debug|Any CPU.Build.0 = Debug|Any CPU
		{B282ADEE-5567-4F02-A4A3-14D39D59DB7D}.Release|Any CPU.ActiveCfg = Release|Any CPU
		{B282ADEE-5567-4F02-A4A3-14D39D59DB7D}.Release|Any CPU.Build.0 = Release|Any CPU
		{C5F6B036-5F52-4DD5-8B51-8327921A2532}.Debug|Any CPU.ActiveCfg = Debug|Any CPU
		{C5F6B036-5F52-4DD5-8B51-8327921A2532}.Debug|Any CPU.Build.0 = Debug|Any CPU
		{C5F6B036-5F52-4DD5-8B51-8327921A2532}.Release|Any CPU.ActiveCfg = Release|Any CPU
		{C5F6B036-5F52-4DD5-8B51-8327921A2532}.Release|Any CPU.Build.0 = Release|Any CPU
		{C40F6BA5-FF7F-4F30-A7E0-E04F585C1E79}.Debug|Any CPU.ActiveCfg = Debug|Any CPU
		{C40F6BA5-FF7F-4F30-A7E0-E04F585C1E79}.Debug|Any CPU.Build.0 = Debug|Any CPU
		{C40F6BA5-FF7F-4F30-A7E0-E04F585C1E79}.Release|Any CPU.ActiveCfg = Release|Any CPU
		{C40F6BA5-FF7F-4F30-A7E0-E04F585C1E79}.Release|Any CPU.Build.0 = Release|Any CPU
		{0023E4EE-904D-4101-8E4F-E712EFCF4D68}.Debug|Any CPU.ActiveCfg = Debug|Any CPU
		{0023E4EE-904D-4101-8E4F-E712EFCF4D68}.Debug|Any CPU.Build.0 = Debug|Any CPU
		{0023E4EE-904D-4101-8E4F-E712EFCF4D68}.Release|Any CPU.ActiveCfg = Debug|Any CPU
		{0023E4EE-904D-4101-8E4F-E712EFCF4D68}.Release|Any CPU.Build.0 = Debug|Any CPU
		{C62D3C79-2F17-42B4-BA07-52156E6FEBB2}.Debug|Any CPU.ActiveCfg = Debug|Any CPU
		{C62D3C79-2F17-42B4-BA07-52156E6FEBB2}.Debug|Any CPU.Build.0 = Debug|Any CPU
		{C62D3C79-2F17-42B4-BA07-52156E6FEBB2}.Release|Any CPU.ActiveCfg = Debug|Any CPU
		{C62D3C79-2F17-42B4-BA07-52156E6FEBB2}.Release|Any CPU.Build.0 = Debug|Any CPU
		{2BA83AEB-2227-485D-AE93-BF5D4EFA083F}.Debug|Any CPU.ActiveCfg = Debug|Any CPU
		{2BA83AEB-2227-485D-AE93-BF5D4EFA083F}.Debug|Any CPU.Build.0 = Debug|Any CPU
		{2BA83AEB-2227-485D-AE93-BF5D4EFA083F}.Release|Any CPU.ActiveCfg = Release|Any CPU
		{2BA83AEB-2227-485D-AE93-BF5D4EFA083F}.Release|Any CPU.Build.0 = Release|Any CPU
		{5FB81347-B3CE-418D-94B8-52511C4F7B9B}.Debug|Any CPU.ActiveCfg = Debug|Any CPU
		{5FB81347-B3CE-418D-94B8-52511C4F7B9B}.Debug|Any CPU.Build.0 = Debug|Any CPU
		{5FB81347-B3CE-418D-94B8-52511C4F7B9B}.Release|Any CPU.ActiveCfg = Release|Any CPU
		{5FB81347-B3CE-418D-94B8-52511C4F7B9B}.Release|Any CPU.Build.0 = Release|Any CPU
		{92CA5E2C-282F-47EC-A506-3911B848BAE2}.Debug|Any CPU.ActiveCfg = Debug|Any CPU
		{92CA5E2C-282F-47EC-A506-3911B848BAE2}.Debug|Any CPU.Build.0 = Debug|Any CPU
		{92CA5E2C-282F-47EC-A506-3911B848BAE2}.Release|Any CPU.ActiveCfg = Release|Any CPU
		{92CA5E2C-282F-47EC-A506-3911B848BAE2}.Release|Any CPU.Build.0 = Release|Any CPU
		{033AEBF0-A196-456E-8E05-CE5A8221888B}.Debug|Any CPU.ActiveCfg = Debug|Any CPU
		{033AEBF0-A196-456E-8E05-CE5A8221888B}.Debug|Any CPU.Build.0 = Debug|Any CPU
		{033AEBF0-A196-456E-8E05-CE5A8221888B}.Release|Any CPU.ActiveCfg = Release|Any CPU
		{033AEBF0-A196-456E-8E05-CE5A8221888B}.Release|Any CPU.Build.0 = Release|Any CPU
		{01B2EFBE-9F90-4F2F-90AD-CDEDEAC6BDB7}.Debug|Any CPU.ActiveCfg = Debug|Any CPU
		{01B2EFBE-9F90-4F2F-90AD-CDEDEAC6BDB7}.Debug|Any CPU.Build.0 = Debug|Any CPU
		{01B2EFBE-9F90-4F2F-90AD-CDEDEAC6BDB7}.Release|Any CPU.ActiveCfg = Release|Any CPU
		{01B2EFBE-9F90-4F2F-90AD-CDEDEAC6BDB7}.Release|Any CPU.Build.0 = Release|Any CPU
		{F150A68E-0979-4F54-B84C-3CCD9BF622C0}.Debug|Any CPU.ActiveCfg = Debug|Any CPU
		{F150A68E-0979-4F54-B84C-3CCD9BF622C0}.Debug|Any CPU.Build.0 = Debug|Any CPU
		{F150A68E-0979-4F54-B84C-3CCD9BF622C0}.Release|Any CPU.ActiveCfg = Release|Any CPU
		{F150A68E-0979-4F54-B84C-3CCD9BF622C0}.Release|Any CPU.Build.0 = Release|Any CPU
		{6AB056E3-F3D6-41ED-8F31-238617A4290D}.Debug|Any CPU.ActiveCfg = Debug|Any CPU
		{6AB056E3-F3D6-41ED-8F31-238617A4290D}.Debug|Any CPU.Build.0 = Debug|Any CPU
		{6AB056E3-F3D6-41ED-8F31-238617A4290D}.Release|Any CPU.ActiveCfg = Release|Any CPU
		{6AB056E3-F3D6-41ED-8F31-238617A4290D}.Release|Any CPU.Build.0 = Release|Any CPU
	EndGlobalSection
	GlobalSection(SolutionProperties) = preSolution
		HideSolutionNode = FALSE
	EndGlobalSection
	GlobalSection(ExtensibilityGlobals) = postSolution
		SolutionGuid = {67602807-806C-4F57-9D0D-6F1248D44EB6}
	EndGlobalSection
EndGlobal
