
Microsoft Visual Studio Solution File, Format Version 12.00
# Visual Studio Version 16
VisualStudioVersion = 16.0.30717.126
MinimumVisualStudioVersion = 10.0.40219.1
Project("{FAE04EC0-301F-11D3-BF4B-00C04F79EFBC}") = "jagged_arr", "jagged_arr.csproj", "{2A98BCCF-6343-462A-AFFC-2F596C42D32E}"
EndProject
Project("{FAE04EC0-301F-11D3-BF4B-00C04F79EFBC}") = "SignledimArry", "..\SignledimArry\SignledimArry.csproj", "{14B407AC-4296-4A56-904C-752A6B4FFC60}"
EndProject
Project("{FAE04EC0-301F-11D3-BF4B-00C04F79EFBC}") = "Multidimenarry", "..\Multidimenarry\Multidimenarry.csproj", "{7D490440-104A-4B7E-82A2-E8F8B9F4C77D}"
EndProject
Project("{FAE04EC0-301F-11D3-BF4B-00C04F79EFBC}") = "IfElse", "..\IfElse\IfElse.csproj", "{B23DF004-8AA2-4B97-BD95-FA740341546B}"
EndProject
Project("{FAE04EC0-301F-11D3-BF4B-00C04F79EFBC}") = "SwitchCase", "..\SwitchCase\SwitchCase.csproj", "{169B005C-FBB4-4A5D-B8DA-1E021901AD5B}"
EndProject
Project("{FAE04EC0-301F-11D3-BF4B-00C04F79EFBC}") = "While Loop", "..\While Loop\While Loop.csproj", "{7D15A97D-4F5C-4882-9E6A-A4EF54A7F004}"
EndProject
Project("{FAE04EC0-301F-11D3-BF4B-00C04F79EFBC}") = "Forloop", "..\Forloop\Forloop.csproj", "{6702C95D-C377-40CB-A529-35ADA54A0998}"
EndProject
Project("{FAE04EC0-301F-11D3-BF4B-00C04F79EFBC}") = "BreakContinue", "..\BreakContinue\BreakContinue.csproj", "{0C3343B5-1EA2-4104-9649-F8961331AE5A}"
EndProject
Project("{FAE04EC0-301F-11D3-BF4B-00C04F79EFBC}") = "classdemo", "..\classdemo\classdemo.csproj", "{723D59D6-38DD-4215-9B74-8568739AA5B7}"
EndProject
Project("{FAE04EC0-301F-11D3-BF4B-00C04F79EFBC}") = "ClassObject", "..\ClassObject\ClassObject.csproj", "{B94477E5-1B44-4043-A42E-F3D14AD9622E}"
EndProject
Global
	GlobalSection(SolutionConfigurationPlatforms) = preSolution
		Debug|Any CPU = Debug|Any CPU
		Release|Any CPU = Release|Any CPU
	EndGlobalSection
	GlobalSection(ProjectConfigurationPlatforms) = postSolution
		{2A98BCCF-6343-462A-AFFC-2F596C42D32E}.Debug|Any CPU.ActiveCfg = Debug|Any CPU
		{2A98BCCF-6343-462A-AFFC-2F596C42D32E}.Debug|Any CPU.Build.0 = Debug|Any CPU
		{2A98BCCF-6343-462A-AFFC-2F596C42D32E}.Release|Any CPU.ActiveCfg = Release|Any CPU
		{2A98BCCF-6343-462A-AFFC-2F596C42D32E}.Release|Any CPU.Build.0 = Release|Any CPU
		{14B407AC-4296-4A56-904C-752A6B4FFC60}.Debug|Any CPU.ActiveCfg = Debug|Any CPU
		{14B407AC-4296-4A56-904C-752A6B4FFC60}.Debug|Any CPU.Build.0 = Debug|Any CPU
		{14B407AC-4296-4A56-904C-752A6B4FFC60}.Release|Any CPU.ActiveCfg = Release|Any CPU
		{14B407AC-4296-4A56-904C-752A6B4FFC60}.Release|Any CPU.Build.0 = Release|Any CPU
		{7D490440-104A-4B7E-82A2-E8F8B9F4C77D}.Debug|Any CPU.ActiveCfg = Debug|Any CPU
		{7D490440-104A-4B7E-82A2-E8F8B9F4C77D}.Debug|Any CPU.Build.0 = Debug|Any CPU
		{7D490440-104A-4B7E-82A2-E8F8B9F4C77D}.Release|Any CPU.ActiveCfg = Release|Any CPU
		{7D490440-104A-4B7E-82A2-E8F8B9F4C77D}.Release|Any CPU.Build.0 = Release|Any CPU
		{B23DF004-8AA2-4B97-BD95-FA740341546B}.Debug|Any CPU.ActiveCfg = Debug|Any CPU
		{B23DF004-8AA2-4B97-BD95-FA740341546B}.Debug|Any CPU.Build.0 = Debug|Any CPU
		{B23DF004-8AA2-4B97-BD95-FA740341546B}.Release|Any CPU.ActiveCfg = Release|Any CPU
		{B23DF004-8AA2-4B97-BD95-FA740341546B}.Release|Any CPU.Build.0 = Release|Any CPU
		{169B005C-FBB4-4A5D-B8DA-1E021901AD5B}.Debug|Any CPU.ActiveCfg = Debug|Any CPU
		{169B005C-FBB4-4A5D-B8DA-1E021901AD5B}.Debug|Any CPU.Build.0 = Debug|Any CPU
		{169B005C-FBB4-4A5D-B8DA-1E021901AD5B}.Release|Any CPU.ActiveCfg = Release|Any CPU
		{169B005C-FBB4-4A5D-B8DA-1E021901AD5B}.Release|Any CPU.Build.0 = Release|Any CPU
		{7D15A97D-4F5C-4882-9E6A-A4EF54A7F004}.Debug|Any CPU.ActiveCfg = Debug|Any CPU
		{7D15A97D-4F5C-4882-9E6A-A4EF54A7F004}.Debug|Any CPU.Build.0 = Debug|Any CPU
		{7D15A97D-4F5C-4882-9E6A-A4EF54A7F004}.Release|Any CPU.ActiveCfg = Release|Any CPU
		{7D15A97D-4F5C-4882-9E6A-A4EF54A7F004}.Release|Any CPU.Build.0 = Release|Any CPU
		{6702C95D-C377-40CB-A529-35ADA54A0998}.Debug|Any CPU.ActiveCfg = Debug|Any CPU
		{6702C95D-C377-40CB-A529-35ADA54A0998}.Debug|Any CPU.Build.0 = Debug|Any CPU
		{6702C95D-C377-40CB-A529-35ADA54A0998}.Release|Any CPU.ActiveCfg = Release|Any CPU
		{6702C95D-C377-40CB-A529-35ADA54A0998}.Release|Any CPU.Build.0 = Release|Any CPU
		{0C3343B5-1EA2-4104-9649-F8961331AE5A}.Debug|Any CPU.ActiveCfg = Debug|Any CPU
		{0C3343B5-1EA2-4104-9649-F8961331AE5A}.Debug|Any CPU.Build.0 = Debug|Any CPU
		{0C3343B5-1EA2-4104-9649-F8961331AE5A}.Release|Any CPU.ActiveCfg = Release|Any CPU
		{0C3343B5-1EA2-4104-9649-F8961331AE5A}.Release|Any CPU.Build.0 = Release|Any CPU
		{723D59D6-38DD-4215-9B74-8568739AA5B7}.Debug|Any CPU.ActiveCfg = Debug|Any CPU
		{723D59D6-38DD-4215-9B74-8568739AA5B7}.Debug|Any CPU.Build.0 = Debug|Any CPU
		{723D59D6-38DD-4215-9B74-8568739AA5B7}.Release|Any CPU.ActiveCfg = Release|Any CPU
		{723D59D6-38DD-4215-9B74-8568739AA5B7}.Release|Any CPU.Build.0 = Release|Any CPU
		{B94477E5-1B44-4043-A42E-F3D14AD9622E}.Debug|Any CPU.ActiveCfg = Debug|Any CPU
		{B94477E5-1B44-4043-A42E-F3D14AD9622E}.Debug|Any CPU.Build.0 = Debug|Any CPU
		{B94477E5-1B44-4043-A42E-F3D14AD9622E}.Release|Any CPU.ActiveCfg = Release|Any CPU
		{B94477E5-1B44-4043-A42E-F3D14AD9622E}.Release|Any CPU.Build.0 = Release|Any CPU
	EndGlobalSection
	GlobalSection(SolutionProperties) = preSolution
		HideSolutionNode = FALSE
	EndGlobalSection
	GlobalSection(ExtensibilityGlobals) = postSolution
		SolutionGuid = {67602807-806C-4F57-9D0D-6F1248D44EB6}
	EndGlobalSection
EndGlobal
