
Microsoft Visual Studio Solution File, Format Version 12.00
# Visual Studio 15
VisualStudioVersion = 15.0.28307.489
MinimumVisualStudioVersion = 10.0.40219.1
Project("{9A19103F-16F7-4668-BE54-9A1E7A4F7556}") = "AddSwaggerTest", "AddSwaggerTest\AddSwaggerTest.csproj", "{DB023B26-1D2D-4E54-9F79-6ECC0F391841}"
EndProject
Global
	GlobalSection(SolutionConfigurationPlatforms) = preSolution
		Debug|Any CPU = Debug|Any CPU
		Release|Any CPU = Release|Any CPU
	EndGlobalSection
	GlobalSection(ProjectConfigurationPlatforms) = postSolution
		{DB023B26-1D2D-4E54-9F79-6ECC0F391841}.Debug|Any CPU.ActiveCfg = Debug|Any CPU
		{DB023B26-1D2D-4E54-9F79-6ECC0F391841}.Debug|Any CPU.Build.0 = Debug|Any CPU
		{DB023B26-1D2D-4E54-9F79-6ECC0F391841}.Release|Any CPU.ActiveCfg = Release|Any CPU
		{DB023B26-1D2D-4E54-9F79-6ECC0F391841}.Release|Any CPU.Build.0 = Release|Any CPU
	EndGlobalSection
	GlobalSection(SolutionProperties) = preSolution
		HideSolutionNode = FALSE
	EndGlobalSection
	GlobalSection(ExtensibilityGlobals) = postSolution
		SolutionGuid = {CB0B8C7F-C327-4BB5-98D1-36AEBEC755F1}
	EndGlobalSection
EndGlobal
